// !$*UTF8*$!
{
	archiveVersion = 1;
	classes = {
	};
	objectVersion = 56;
	objects = {

/* Begin PBXBuildFile section */
		F109AFBC2A5795CF009ACAFA /* .env in Resources */ = {isa = PBXBuildFile; fileRef = F109AFBB2A5795CF009ACAFA /* .env */; };
		F13183FA2A2EAD01008CDC90 /* WeatherAppApp.swift in Sources */ = {isa = PBXBuildFile; fileRef = F13183F92A2EAD01008CDC90 /* WeatherAppApp.swift */; };
		F13183FC2A2EAD01008CDC90 /* ContentView.swift in Sources */ = {isa = PBXBuildFile; fileRef = F13183FB2A2EAD01008CDC90 /* ContentView.swift */; };
		F13183FE2A2EAD01008CDC90 /* Assets.xcassets in Resources */ = {isa = PBXBuildFile; fileRef = F13183FD2A2EAD01008CDC90 /* Assets.xcassets */; };
		F13184022A2EAD01008CDC90 /* Preview Assets.xcassets in Resources */ = {isa = PBXBuildFile; fileRef = F13184012A2EAD01008CDC90 /* Preview Assets.xcassets */; };
		F141C9E72A578AA900521119 /* WeatherManager.swift in Sources */ = {isa = PBXBuildFile; fileRef = F141C9E62A578AA900521119 /* WeatherManager.swift */; };
		F141C9EA2A578CB600521119 /* WeatherModel.swift in Sources */ = {isa = PBXBuildFile; fileRef = F141C9E92A578CB600521119 /* WeatherModel.swift */; };
		F141C9EC2A57904900521119 /* ModelData.swift in Sources */ = {isa = PBXBuildFile; fileRef = F141C9EB2A57904900521119 /* ModelData.swift */; };
		F141C9EE2A57911300521119 /* dummyWeatherData.json in Resources */ = {isa = PBXBuildFile; fileRef = F141C9ED2A57911300521119 /* dummyWeatherData.json */; };
		F141C9F02A57925D00521119 /* WeatherView.swift in Sources */ = {isa = PBXBuildFile; fileRef = F141C9EF2A57925D00521119 /* WeatherView.swift */; };
		F141C9F32A57931400521119 /* Extension+RoundedDouble.swift in Sources */ = {isa = PBXBuildFile; fileRef = F141C9F22A57931400521119 /* Extension+RoundedDouble.swift */; };
		F141C9F52A57946A00521119 /* EnvFileManager.swift in Sources */ = {isa = PBXBuildFile; fileRef = F141C9F42A57946A00521119 /* EnvFileManager.swift */; };
		F18602852A56209400891E6A /* LocationViewModel.swift in Sources */ = {isa = PBXBuildFile; fileRef = F18602842A56209400891E6A /* LocationViewModel.swift */; };
		F18602872A5622A000891E6A /* WelcomeView.swift in Sources */ = {isa = PBXBuildFile; fileRef = F18602862A5622A000891E6A /* WelcomeView.swift */; };
		F186028A2A5625F600891E6A /* LoadingView.swift in Sources */ = {isa = PBXBuildFile; fileRef = F18602892A5625F600891E6A /* LoadingView.swift */; };
/* End PBXBuildFile section */

/* Begin PBXFileReference section */
		F109AFBB2A5795CF009ACAFA /* .env */ = {isa = PBXFileReference; lastKnownFileType = text; path = .env; sourceTree = "<group>"; };
		F13183F62A2EAD01008CDC90 /* WeatherApp.app */ = {isa = PBXFileReference; explicitFileType = wrapper.application; includeInIndex = 0; path = WeatherApp.app; sourceTree = BUILT_PRODUCTS_DIR; };
		F13183F92A2EAD01008CDC90 /* WeatherAppApp.swift */ = {isa = PBXFileReference; lastKnownFileType = sourcecode.swift; path = WeatherAppApp.swift; sourceTree = "<group>"; };
		F13183FB2A2EAD01008CDC90 /* ContentView.swift */ = {isa = PBXFileReference; lastKnownFileType = sourcecode.swift; path = ContentView.swift; sourceTree = "<group>"; };
		F13183FD2A2EAD01008CDC90 /* Assets.xcassets */ = {isa = PBXFileReference; lastKnownFileType = folder.assetcatalog; path = Assets.xcassets; sourceTree = "<group>"; };
		F13183FF2A2EAD01008CDC90 /* WeatherApp.entitlements */ = {isa = PBXFileReference; lastKnownFileType = text.plist.entitlements; path = WeatherApp.entitlements; sourceTree = "<group>"; };
		F13184012A2EAD01008CDC90 /* Preview Assets.xcassets */ = {isa = PBXFileReference; lastKnownFileType = folder.assetcatalog; path = "Preview Assets.xcassets"; sourceTree = "<group>"; };
		F141C9E62A578AA900521119 /* WeatherManager.swift */ = {isa = PBXFileReference; lastKnownFileType = sourcecode.swift; path = WeatherManager.swift; sourceTree = "<group>"; };
		F141C9E92A578CB600521119 /* WeatherModel.swift */ = {isa = PBXFileReference; lastKnownFileType = sourcecode.swift; path = WeatherModel.swift; sourceTree = "<group>"; };
		F141C9EB2A57904900521119 /* ModelData.swift */ = {isa = PBXFileReference; lastKnownFileType = sourcecode.swift; path = ModelData.swift; sourceTree = "<group>"; };
		F141C9ED2A57911300521119 /* dummyWeatherData.json */ = {isa = PBXFileReference; lastKnownFileType = text.json; path = dummyWeatherData.json; sourceTree = "<group>"; };
		F141C9EF2A57925D00521119 /* WeatherView.swift */ = {isa = PBXFileReference; lastKnownFileType = sourcecode.swift; path = WeatherView.swift; sourceTree = "<group>"; };
		F141C9F22A57931400521119 /* Extension+RoundedDouble.swift */ = {isa = PBXFileReference; lastKnownFileType = sourcecode.swift; path = "Extension+RoundedDouble.swift"; sourceTree = "<group>"; };
		F141C9F42A57946A00521119 /* EnvFileManager.swift */ = {isa = PBXFileReference; lastKnownFileType = sourcecode.swift; path = EnvFileManager.swift; sourceTree = "<group>"; };
		F18602842A56209400891E6A /* LocationViewModel.swift */ = {isa = PBXFileReference; lastKnownFileType = sourcecode.swift; path = LocationViewModel.swift; sourceTree = "<group>"; };
		F18602862A5622A000891E6A /* WelcomeView.swift */ = {isa = PBXFileReference; lastKnownFileType = sourcecode.swift; path = WelcomeView.swift; sourceTree = "<group>"; };
		F18602892A5625F600891E6A /* LoadingView.swift */ = {isa = PBXFileReference; lastKnownFileType = sourcecode.swift; path = LoadingView.swift; sourceTree = "<group>"; };
/* End PBXFileReference section */

/* Begin PBXFrameworksBuildPhase section */
		F13183F32A2EAD01008CDC90 /* Frameworks */ = {
			isa = PBXFrameworksBuildPhase;
			buildActionMask = 2147483647;
			files = (
			);
			runOnlyForDeploymentPostprocessing = 0;
		};
/* End PBXFrameworksBuildPhase section */

/* Begin PBXGroup section */
		F13183ED2A2EAD01008CDC90 = {
			isa = PBXGroup;
			children = (
				F13183F82A2EAD01008CDC90 /* WeatherApp */,
				F13183F72A2EAD01008CDC90 /* Products */,
			);
			sourceTree = "<group>";
		};
		F13183F72A2EAD01008CDC90 /* Products */ = {
			isa = PBXGroup;
			children = (
				F13183F62A2EAD01008CDC90 /* WeatherApp.app */,
			);
			name = Products;
			sourceTree = "<group>";
		};
		F13183F82A2EAD01008CDC90 /* WeatherApp */ = {
			isa = PBXGroup;
			children = (
				F13184092A2EAD13008CDC90 /* Products */,
				F13184082A2EAD0E008CDC90 /* Features */,
				F13183F92A2EAD01008CDC90 /* WeatherAppApp.swift */,
				F13183FD2A2EAD01008CDC90 /* Assets.xcassets */,
				F13183FF2A2EAD01008CDC90 /* WeatherApp.entitlements */,
				F13184002A2EAD01008CDC90 /* Preview Content */,
				F109AFBB2A5795CF009ACAFA /* .env */,
			);
			path = WeatherApp;
			sourceTree = "<group>";
		};
		F13184002A2EAD01008CDC90 /* Preview Content */ = {
			isa = PBXGroup;
			children = (
				F13184012A2EAD01008CDC90 /* Preview Assets.xcassets */,
				F141C9EB2A57904900521119 /* ModelData.swift */,
				F141C9ED2A57911300521119 /* dummyWeatherData.json */,
			);
			path = "Preview Content";
			sourceTree = "<group>";
		};
		F13184082A2EAD0E008CDC90 /* Features */ = {
			isa = PBXGroup;
			children = (
				F13183FB2A2EAD01008CDC90 /* ContentView.swift */,
				F18602862A5622A000891E6A /* WelcomeView.swift */,
				F141C9EF2A57925D00521119 /* WeatherView.swift */,
			);
			path = Features;
			sourceTree = "<group>";
		};
		F13184092A2EAD13008CDC90 /* Products */ = {
			isa = PBXGroup;
			children = (
				F141C9F12A57930600521119 /* Extensions */,
				F141C9E82A578C9D00521119 /* Models */,
				F141C9E52A578A9400521119 /* Managers */,
				F18602882A5625E900891E6A /* Components */,
				F18602832A56208800891E6A /* ViewModels */,
			);
			path = Products;
			sourceTree = "<group>";
		};
		F141C9E52A578A9400521119 /* Managers */ = {
			isa = PBXGroup;
			children = (
				F141C9E62A578AA900521119 /* WeatherManager.swift */,
				F141C9F42A57946A00521119 /* EnvFileManager.swift */,
			);
			path = Managers;
			sourceTree = "<group>";
		};
		F141C9E82A578C9D00521119 /* Models */ = {
			isa = PBXGroup;
			children = (
				F141C9E92A578CB600521119 /* WeatherModel.swift */,
			);
			path = Models;
			sourceTree = "<group>";
		};
		F141C9F12A57930600521119 /* Extensions */ = {
			isa = PBXGroup;
			children = (
				F141C9F22A57931400521119 /* Extension+RoundedDouble.swift */,
			);
			path = Extensions;
			sourceTree = "<group>";
		};
		F18602832A56208800891E6A /* ViewModels */ = {
			isa = PBXGroup;
			children = (
				F18602842A56209400891E6A /* LocationViewModel.swift */,
			);
			path = ViewModels;
			sourceTree = "<group>";
		};
		F18602882A5625E900891E6A /* Components */ = {
			isa = PBXGroup;
			children = (
				F18602892A5625F600891E6A /* LoadingView.swift */,
			);
			path = Components;
			sourceTree = "<group>";
		};
/* End PBXGroup section */

/* Begin PBXNativeTarget section */
		F13183F52A2EAD01008CDC90 /* WeatherApp */ = {
			isa = PBXNativeTarget;
			buildConfigurationList = F13184052A2EAD01008CDC90 /* Build configuration list for PBXNativeTarget "WeatherApp" */;
			buildPhases = (
				F13183F22A2EAD01008CDC90 /* Sources */,
				F13183F32A2EAD01008CDC90 /* Frameworks */,
				F13183F42A2EAD01008CDC90 /* Resources */,
			);
			buildRules = (
			);
			dependencies = (
			);
			name = WeatherApp;
			productName = WeatherApp;
			productReference = F13183F62A2EAD01008CDC90 /* WeatherApp.app */;
			productType = "com.apple.product-type.application";
		};
/* End PBXNativeTarget section */

/* Begin PBXProject section */
		F13183EE2A2EAD01008CDC90 /* Project object */ = {
			isa = PBXProject;
			attributes = {
				BuildIndependentTargetsInParallel = 1;
				LastSwiftUpdateCheck = 1430;
				LastUpgradeCheck = 1430;
				TargetAttributes = {
					F13183F52A2EAD01008CDC90 = {
						CreatedOnToolsVersion = 14.3;
					};
				};
			};
			buildConfigurationList = F13183F12A2EAD01008CDC90 /* Build configuration list for PBXProject "WeatherApp" */;
			compatibilityVersion = "Xcode 14.0";
			developmentRegion = en;
			hasScannedForEncodings = 0;
			knownRegions = (
				en,
				Base,
			);
			mainGroup = F13183ED2A2EAD01008CDC90;
			productRefGroup = F13183F72A2EAD01008CDC90 /* Products */;
			projectDirPath = "";
			projectRoot = "";
			targets = (
				F13183F52A2EAD01008CDC90 /* WeatherApp */,
			);
		};
/* End PBXProject section */

/* Begin PBXResourcesBuildPhase section */
		F13183F42A2EAD01008CDC90 /* Resources */ = {
			isa = PBXResourcesBuildPhase;
			buildActionMask = 2147483647;
			files = (
				F13184022A2EAD01008CDC90 /* Preview Assets.xcassets in Resources */,
				F13183FE2A2EAD01008CDC90 /* Assets.xcassets in Resources */,
				F141C9EE2A57911300521119 /* dummyWeatherData.json in Resources */,
				F109AFBC2A5795CF009ACAFA /* .env in Resources */,
			);
			runOnlyForDeploymentPostprocessing = 0;
		};
/* End PBXResourcesBuildPhase section */

/* Begin PBXSourcesBuildPhase section */
		F13183F22A2EAD01008CDC90 /* Sources */ = {
			isa = PBXSourcesBuildPhase;
			buildActionMask = 2147483647;
			files = (
				F141C9E72A578AA900521119 /* WeatherManager.swift in Sources */,
				F141C9F52A57946A00521119 /* EnvFileManager.swift in Sources */,
				F18602852A56209400891E6A /* LocationViewModel.swift in Sources */,
				F13183FC2A2EAD01008CDC90 /* ContentView.swift in Sources */,
				F141C9EA2A578CB600521119 /* WeatherModel.swift in Sources */,
				F13183FA2A2EAD01008CDC90 /* WeatherAppApp.swift in Sources */,
				F141C9EC2A57904900521119 /* ModelData.swift in Sources */,
				F141C9F32A57931400521119 /* Extension+RoundedDouble.swift in Sources */,
				F141C9F02A57925D00521119 /* WeatherView.swift in Sources */,
				F186028A2A5625F600891E6A /* LoadingView.swift in Sources */,
				F18602872A5622A000891E6A /* WelcomeView.swift in Sources */,
			);
			runOnlyForDeploymentPostprocessing = 0;
		};
/* End PBXSourcesBuildPhase section */

/* Begin XCBuildConfiguration section */
		F13184032A2EAD01008CDC90 /* Debug */ = {
			isa = XCBuildConfiguration;
			buildSettings = {
				ALWAYS_SEARCH_USER_PATHS = NO;
				CLANG_ANALYZER_NONNULL = YES;
				CLANG_ANALYZER_NUMBER_OBJECT_CONVERSION = YES_AGGRESSIVE;
				CLANG_CXX_LANGUAGE_STANDARD = "gnu++20";
				CLANG_ENABLE_MODULES = YES;
				CLANG_ENABLE_OBJC_ARC = YES;
				CLANG_ENABLE_OBJC_WEAK = YES;
				CLANG_WARN_BLOCK_CAPTURE_AUTORELEASING = YES;
				CLANG_WARN_BOOL_CONVERSION = YES;
				CLANG_WARN_COMMA = YES;
				CLANG_WARN_CONSTANT_CONVERSION = YES;
				CLANG_WARN_DEPRECATED_OBJC_IMPLEMENTATIONS = YES;
				CLANG_WARN_DIRECT_OBJC_ISA_USAGE = YES_ERROR;
				CLANG_WARN_DOCUMENTATION_COMMENTS = YES;
				CLANG_WARN_EMPTY_BODY = YES;
				CLANG_WARN_ENUM_CONVERSION = YES;
				CLANG_WARN_INFINITE_RECURSION = YES;
				CLANG_WARN_INT_CONVERSION = YES;
				CLANG_WARN_NON_LITERAL_NULL_CONVERSION = YES;
				CLANG_WARN_OBJC_IMPLICIT_RETAIN_SELF = YES;
				CLANG_WARN_OBJC_LITERAL_CONVERSION = YES;
				CLANG_WARN_OBJC_ROOT_CLASS = YES_ERROR;
				CLANG_WARN_QUOTED_INCLUDE_IN_FRAMEWORK_HEADER = YES;
				CLANG_WARN_RANGE_LOOP_ANALYSIS = YES;
				CLANG_WARN_STRICT_PROTOTYPES = YES;
				CLANG_WARN_SUSPICIOUS_MOVE = YES;
				CLANG_WARN_UNGUARDED_AVAILABILITY = YES_AGGRESSIVE;
				CLANG_WARN_UNREACHABLE_CODE = YES;
				CLANG_WARN__DUPLICATE_METHOD_MATCH = YES;
				COPY_PHASE_STRIP = NO;
				DEBUG_INFORMATION_FORMAT = dwarf;
				ENABLE_STRICT_OBJC_MSGSEND = YES;
				ENABLE_TESTABILITY = YES;
				GCC_C_LANGUAGE_STANDARD = gnu11;
				GCC_DYNAMIC_NO_PIC = NO;
				GCC_NO_COMMON_BLOCKS = YES;
				GCC_OPTIMIZATION_LEVEL = 0;
				GCC_PREPROCESSOR_DEFINITIONS = (
					"DEBUG=1",
					"$(inherited)",
				);
				GCC_WARN_64_TO_32_BIT_CONVERSION = YES;
				GCC_WARN_ABOUT_RETURN_TYPE = YES_ERROR;
				GCC_WARN_UNDECLARED_SELECTOR = YES;
				GCC_WARN_UNINITIALIZED_AUTOS = YES_AGGRESSIVE;
				GCC_WARN_UNUSED_FUNCTION = YES;
				GCC_WARN_UNUSED_VARIABLE = YES;
				MTL_ENABLE_DEBUG_INFO = INCLUDE_SOURCE;
				MTL_FAST_MATH = YES;
				ONLY_ACTIVE_ARCH = YES;
				SWIFT_ACTIVE_COMPILATION_CONDITIONS = DEBUG;
				SWIFT_OPTIMIZATION_LEVEL = "-Onone";
			};
			name = Debug;
		};
		F13184042A2EAD01008CDC90 /* Release */ = {
			isa = XCBuildConfiguration;
			buildSettings = {
				ALWAYS_SEARCH_USER_PATHS = NO;
				CLANG_ANALYZER_NONNULL = YES;
				CLANG_ANALYZER_NUMBER_OBJECT_CONVERSION = YES_AGGRESSIVE;
				CLANG_CXX_LANGUAGE_STANDARD = "gnu++20";
				CLANG_ENABLE_MODULES = YES;
				CLANG_ENABLE_OBJC_ARC = YES;
				CLANG_ENABLE_OBJC_WEAK = YES;
				CLANG_WARN_BLOCK_CAPTURE_AUTORELEASING = YES;
				CLANG_WARN_BOOL_CONVERSION = YES;
				CLANG_WARN_COMMA = YES;
				CLANG_WARN_CONSTANT_CONVERSION = YES;
				CLANG_WARN_DEPRECATED_OBJC_IMPLEMENTATIONS = YES;
				CLANG_WARN_DIRECT_OBJC_ISA_USAGE = YES_ERROR;
				CLANG_WARN_DOCUMENTATION_COMMENTS = YES;
				CLANG_WARN_EMPTY_BODY = YES;
				CLANG_WARN_ENUM_CONVERSION = YES;
				CLANG_WARN_INFINITE_RECURSION = YES;
				CLANG_WARN_INT_CONVERSION = YES;
				CLANG_WARN_NON_LITERAL_NULL_CONVERSION = YES;
				CLANG_WARN_OBJC_IMPLICIT_RETAIN_SELF = YES;
				CLANG_WARN_OBJC_LITERAL_CONVERSION = YES;
				CLANG_WARN_OBJC_ROOT_CLASS = YES_ERROR;
				CLANG_WARN_QUOTED_INCLUDE_IN_FRAMEWORK_HEADER = YES;
				CLANG_WARN_RANGE_LOOP_ANALYSIS = YES;
				CLANG_WARN_STRICT_PROTOTYPES = YES;
				CLANG_WARN_SUSPICIOUS_MOVE = YES;
				CLANG_WARN_UNGUARDED_AVAILABILITY = YES_AGGRESSIVE;
				CLANG_WARN_UNREACHABLE_CODE = YES;
				CLANG_WARN__DUPLICATE_METHOD_MATCH = YES;
				COPY_PHASE_STRIP = NO;
				DEBUG_INFORMATION_FORMAT = "dwarf-with-dsym";
				ENABLE_NS_ASSERTIONS = NO;
				ENABLE_STRICT_OBJC_MSGSEND = YES;
				GCC_C_LANGUAGE_STANDARD = gnu11;
				GCC_NO_COMMON_BLOCKS = YES;
				GCC_WARN_64_TO_32_BIT_CONVERSION = YES;
				GCC_WARN_ABOUT_RETURN_TYPE = YES_ERROR;
				GCC_WARN_UNDECLARED_SELECTOR = YES;
				GCC_WARN_UNINITIALIZED_AUTOS = YES_AGGRESSIVE;
				GCC_WARN_UNUSED_FUNCTION = YES;
				GCC_WARN_UNUSED_VARIABLE = YES;
				MTL_ENABLE_DEBUG_INFO = NO;
				MTL_FAST_MATH = YES;
				SWIFT_COMPILATION_MODE = wholemodule;
				SWIFT_OPTIMIZATION_LEVEL = "-O";
			};
			name = Release;
		};
		F13184062A2EAD01008CDC90 /* Debug */ = {
			isa = XCBuildConfiguration;
			buildSettings = {
				ASSETCATALOG_COMPILER_APPICON_NAME = AppIcon;
				ASSETCATALOG_COMPILER_GLOBAL_ACCENT_COLOR_NAME = AccentColor;
				CODE_SIGN_ENTITLEMENTS = WeatherApp/WeatherApp.entitlements;
				CODE_SIGN_STYLE = Automatic;
				CURRENT_PROJECT_VERSION = 1;
				DEVELOPMENT_ASSET_PATHS = "\"WeatherApp/Preview Content\"";
				DEVELOPMENT_TEAM = T6938DY6DS;
				ENABLE_PREVIEWS = YES;
				GENERATE_INFOPLIST_FILE = YES;
				"INFOPLIST_KEY_UIApplicationSceneManifest_Generation[sdk=iphoneos*]" = YES;
				"INFOPLIST_KEY_UIApplicationSceneManifest_Generation[sdk=iphonesimulator*]" = YES;
				"INFOPLIST_KEY_UIApplicationSupportsIndirectInputEvents[sdk=iphoneos*]" = YES;
				"INFOPLIST_KEY_UIApplicationSupportsIndirectInputEvents[sdk=iphonesimulator*]" = YES;
				"INFOPLIST_KEY_UILaunchScreen_Generation[sdk=iphoneos*]" = YES;
				"INFOPLIST_KEY_UILaunchScreen_Generation[sdk=iphonesimulator*]" = YES;
				"INFOPLIST_KEY_UIStatusBarStyle[sdk=iphoneos*]" = UIStatusBarStyleDefault;
				"INFOPLIST_KEY_UIStatusBarStyle[sdk=iphonesimulator*]" = UIStatusBarStyleDefault;
				INFOPLIST_KEY_UISupportedInterfaceOrientations_iPad = "UIInterfaceOrientationPortrait UIInterfaceOrientationPortraitUpsideDown UIInterfaceOrientationLandscapeLeft UIInterfaceOrientationLandscapeRight";
				INFOPLIST_KEY_UISupportedInterfaceOrientations_iPhone = "UIInterfaceOrientationPortrait UIInterfaceOrientationLandscapeLeft UIInterfaceOrientationLandscapeRight";
				IPHONEOS_DEPLOYMENT_TARGET = 16.4;
				LD_RUNPATH_SEARCH_PATHS = "@executable_path/Frameworks";
				"LD_RUNPATH_SEARCH_PATHS[sdk=macosx*]" = "@executable_path/../Frameworks";
				MACOSX_DEPLOYMENT_TARGET = 13.3;
				MARKETING_VERSION = 1.0;
				PRODUCT_BUNDLE_IDENTIFIER = com.archeva.WeatherApp;
				PRODUCT_NAME = "$(TARGET_NAME)";
				SDKROOT = auto;
				SUPPORTED_PLATFORMS = "iphoneos iphonesimulator macosx";
				SWIFT_EMIT_LOC_STRINGS = YES;
				SWIFT_VERSION = 5.0;
				TARGETED_DEVICE_FAMILY = "1,2";
			};
			name = Debug;
		};
		F13184072A2EAD01008CDC90 /* Release */ = {
			isa = XCBuildConfiguration;
			buildSettings = {
				ASSETCATALOG_COMPILER_APPICON_NAME = AppIcon;
				ASSETCATALOG_COMPILER_GLOBAL_ACCENT_COLOR_NAME = AccentColor;
				CODE_SIGN_ENTITLEMENTS = WeatherApp/WeatherApp.entitlements;
				CODE_SIGN_STYLE = Automatic;
				CURRENT_PROJECT_VERSION = 1;
				DEVELOPMENT_ASSET_PATHS = "\"WeatherApp/Preview Content\"";
				DEVELOPMENT_TEAM = T6938DY6DS;
				ENABLE_PREVIEWS = YES;
				GENERATE_INFOPLIST_FILE = YES;
				"INFOPLIST_KEY_UIApplicationSceneManifest_Generation[sdk=iphoneos*]" = YES;
				"INFOPLIST_KEY_UIApplicationSceneManifest_Generation[sdk=iphonesimulator*]" = YES;
				"INFOPLIST_KEY_UIApplicationSupportsIndirectInputEvents[sdk=iphoneos*]" = YES;
				"INFOPLIST_KEY_UIApplicationSupportsIndirectInputEvents[sdk=iphonesimulator*]" = YES;
				"INFOPLIST_KEY_UILaunchScreen_Generation[sdk=iphoneos*]" = YES;
				"INFOPLIST_KEY_UILaunchScreen_Generation[sdk=iphonesimulator*]" = YES;
				"INFOPLIST_KEY_UIStatusBarStyle[sdk=iphoneos*]" = UIStatusBarStyleDefault;
				"INFOPLIST_KEY_UIStatusBarStyle[sdk=iphonesimulator*]" = UIStatusBarStyleDefault;
				INFOPLIST_KEY_UISupportedInterfaceOrientations_iPad = "UIInterfaceOrientationPortrait UIInterfaceOrientationPortraitUpsideDown UIInterfaceOrientationLandscapeLeft UIInterfaceOrientationLandscapeRight";
				INFOPLIST_KEY_UISupportedInterfaceOrientations_iPhone = "UIInterfaceOrientationPortrait UIInterfaceOrientationLandscapeLeft UIInterfaceOrientationLandscapeRight";
				IPHONEOS_DEPLOYMENT_TARGET = 16.4;
				LD_RUNPATH_SEARCH_PATHS = "@executable_path/Frameworks";
				"LD_RUNPATH_SEARCH_PATHS[sdk=macosx*]" = "@executable_path/../Frameworks";
				MACOSX_DEPLOYMENT_TARGET = 13.3;
				MARKETING_VERSION = 1.0;
				PRODUCT_BUNDLE_IDENTIFIER = com.archeva.WeatherApp;
				PRODUCT_NAME = "$(TARGET_NAME)";
				SDKROOT = auto;
				SUPPORTED_PLATFORMS = "iphoneos iphonesimulator macosx";
				SWIFT_EMIT_LOC_STRINGS = YES;
				SWIFT_VERSION = 5.0;
				TARGETED_DEVICE_FAMILY = "1,2";
			};
			name = Release;
		};
/* End XCBuildConfiguration section */

/* Begin XCConfigurationList section */
		F13183F12A2EAD01008CDC90 /* Build configuration list for PBXProject "WeatherApp" */ = {
			isa = XCConfigurationList;
			buildConfigurations = (
				F13184032A2EAD01008CDC90 /* Debug */,
				F13184042A2EAD01008CDC90 /* Release */,
			);
			defaultConfigurationIsVisible = 0;
			defaultConfigurationName = Release;
		};
		F13184052A2EAD01008CDC90 /* Build configuration list for PBXNativeTarget "WeatherApp" */ = {
			isa = XCConfigurationList;
			buildConfigurations = (
				F13184062A2EAD01008CDC90 /* Debug */,
				F13184072A2EAD01008CDC90 /* Release */,
			);
			defaultConfigurationIsVisible = 0;
			defaultConfigurationName = Release;
		};
/* End XCConfigurationList section */
	};
	rootObject = F13183EE2A2EAD01008CDC90 /* Project object */;
}
